
Microsoft Visual Studio Solution File, Format Version 12.00
# Visual Studio Version 17
VisualStudioVersion = 17.4.33205.214
MinimumVisualStudioVersion = 10.0.40219.1
Project("{FAE04EC0-301F-11D3-BF4B-00C04F79EFBC}") = "Calculator", "Calculator.csproj", "{2BE120C9-6B89-402E-BCEA-460D9605455E}"
EndProject
Global
	GlobalSection(SolutionConfigurationPlatforms) = preSolution
		Debug|Any CPU = Debug|Any CPU
		Release|Any CPU = Release|Any CPU
	EndGlobalSection
	GlobalSection(ProjectConfigurationPlatforms) = postSolution
		{2BE120C9-6B89-402E-BCEA-460D9605455E}.Debug|Any CPU.ActiveCfg = Debug|Any CPU
		{2BE120C9-6B89-402E-BCEA-460D9605455E}.Debug|Any CPU.Build.0 = Debug|Any CPU
		{2BE120C9-6B89-402E-BCEA-460D9605455E}.Release|Any CPU.ActiveCfg = Release|Any CPU
		{2BE120C9-6B89-402E-BCEA-460D9605455E}.Release|Any CPU.Build.0 = Release|Any CPU
	EndGlobalSection
	GlobalSection(SolutionProperties) = preSolution
		HideSolutionNode = FALSE
	EndGlobalSection
	GlobalSection(ExtensibilityGlobals) = postSolution
		SolutionGuid = {3838D25F-4836-4C15-B3BB-6ADE5BC80FF4}
	EndGlobalSection
EndGlobal
